
Microsoft Visual Studio Solution File, Format Version 12.00
# Visual Studio 2012
Project("{FAE04EC0-301F-11D3-BF4B-00C04F79EFBC}") = "NerdDinner", "NerdDinner\NerdDinner.csproj", "{4AF0C191-5E5D-4396-8D3C-DFBD4DDE36FD}"
EndProject
Project("{FAE04EC0-301F-11D3-BF4B-00C04F79EFBC}") = "NerdDinner.Tests", "NerdDinner.Tests\NerdDinner.Tests.csproj", "{3EADFDC6-4406-43FB-9318-0EDA61441E31}"
EndProject
Global
	GlobalSection(SolutionConfigurationPlatforms) = preSolution
		Debug|Any CPU = Debug|Any CPU
		Release|Any CPU = Release|Any CPU
	EndGlobalSection
	GlobalSection(ProjectConfigurationPlatforms) = postSolution
		{4AF0C191-5E5D-4396-8D3C-DFBD4DDE36FD}.Debug|Any CPU.ActiveCfg = Debug|Any CPU
		{4AF0C191-5E5D-4396-8D3C-DFBD4DDE36FD}.Debug|Any CPU.Build.0 = Debug|Any CPU
		{4AF0C191-5E5D-4396-8D3C-DFBD4DDE36FD}.Release|Any CPU.ActiveCfg = Release|Any CPU
		{4AF0C191-5E5D-4396-8D3C-DFBD4DDE36FD}.Release|Any CPU.Build.0 = Release|Any CPU
		{3EADFDC6-4406-43FB-9318-0EDA61441E31}.Debug|Any CPU.ActiveCfg = Debug|Any CPU
		{3EADFDC6-4406-43FB-9318-0EDA61441E31}.Debug|Any CPU.Build.0 = Debug|Any CPU
		{3EADFDC6-4406-43FB-9318-0EDA61441E31}.Release|Any CPU.ActiveCfg = Release|Any CPU
		{3EADFDC6-4406-43FB-9318-0EDA61441E31}.Release|Any CPU.Build.0 = Release|Any CPU
	EndGlobalSection
	GlobalSection(SolutionProperties) = preSolution
		HideSolutionNode = FALSE
	EndGlobalSection
EndGlobal
