
Microsoft Visual Studio Solution File, Format Version 10.00
# Visual Studio 2008
Project("{FAE04EC0-301F-11D3-BF4B-00C04F79EFBC}") = "NerdDinner", "NerdDinner\NerdDinner.csproj", "{0055C793-4382-4F88-9E00-93AC3864B61A}"
EndProject
Project("{FAE04EC0-301F-11D3-BF4B-00C04F79EFBC}") = "NerdDinner.Tests", "NerdDinner.Tests\NerdDinner.Tests.csproj", "{A2B5D31A-B615-4A35-A2CC-2EE039EDEE05}"
EndProject
Global
	GlobalSection(SolutionConfigurationPlatforms) = preSolution
		Debug|Any CPU = Debug|Any CPU
		Release|Any CPU = Release|Any CPU
	EndGlobalSection
	GlobalSection(ProjectConfigurationPlatforms) = postSolution
		{0055C793-4382-4F88-9E00-93AC3864B61A}.Debug|Any CPU.ActiveCfg = Debug|Any CPU
		{0055C793-4382-4F88-9E00-93AC3864B61A}.Debug|Any CPU.Build.0 = Debug|Any CPU
		{0055C793-4382-4F88-9E00-93AC3864B61A}.Release|Any CPU.ActiveCfg = Release|Any CPU
		{0055C793-4382-4F88-9E00-93AC3864B61A}.Release|Any CPU.Build.0 = Release|Any CPU
		{A2B5D31A-B615-4A35-A2CC-2EE039EDEE05}.Debug|Any CPU.ActiveCfg = Debug|Any CPU
		{A2B5D31A-B615-4A35-A2CC-2EE039EDEE05}.Debug|Any CPU.Build.0 = Debug|Any CPU
		{A2B5D31A-B615-4A35-A2CC-2EE039EDEE05}.Release|Any CPU.ActiveCfg = Release|Any CPU
		{A2B5D31A-B615-4A35-A2CC-2EE039EDEE05}.Release|Any CPU.Build.0 = Release|Any CPU
	EndGlobalSection
	GlobalSection(SolutionProperties) = preSolution
		HideSolutionNode = FALSE
	EndGlobalSection
EndGlobal
